
Microsoft Visual Studio Solution File, Format Version 12.00
Project("{FAE04EC0-301F-11D3-BF4B-00C04F79EFBC}") = "laba4", "laba4\laba4.csproj", "{7F070BC2-D117-48D8-8EF2-66A229FDDC4D}"
EndProject
Global
	GlobalSection(SolutionConfigurationPlatforms) = preSolution
		Debug|Any CPU = Debug|Any CPU
		Release|Any CPU = Release|Any CPU
	EndGlobalSection
	GlobalSection(ProjectConfigurationPlatforms) = postSolution
		{7F070BC2-D117-48D8-8EF2-66A229FDDC4D}.Debug|Any CPU.ActiveCfg = Debug|Any CPU
		{7F070BC2-D117-48D8-8EF2-66A229FDDC4D}.Debug|Any CPU.Build.0 = Debug|Any CPU
		{7F070BC2-D117-48D8-8EF2-66A229FDDC4D}.Release|Any CPU.ActiveCfg = Release|Any CPU
		{7F070BC2-D117-48D8-8EF2-66A229FDDC4D}.Release|Any CPU.Build.0 = Release|Any CPU
	EndGlobalSection
EndGlobal
