
Microsoft Visual Studio Solution File, Format Version 12.00
# Visual Studio 15
VisualStudioVersion = 15.0.28307.271
MinimumVisualStudioVersion = 10.0.40219.1
Project("{FAE04EC0-301F-11D3-BF4B-00C04F79EFBC}") = "Exercise_5", "Exercise_5\Exercise_5.csproj", "{204727F7-81CC-484A-9C10-5ECF15A091AD}"
EndProject
Global
	GlobalSection(SolutionConfigurationPlatforms) = preSolution
		Debug|Any CPU = Debug|Any CPU
		Release|Any CPU = Release|Any CPU
	EndGlobalSection
	GlobalSection(ProjectConfigurationPlatforms) = postSolution
		{204727F7-81CC-484A-9C10-5ECF15A091AD}.Debug|Any CPU.ActiveCfg = Debug|Any CPU
		{204727F7-81CC-484A-9C10-5ECF15A091AD}.Debug|Any CPU.Build.0 = Debug|Any CPU
		{204727F7-81CC-484A-9C10-5ECF15A091AD}.Release|Any CPU.ActiveCfg = Release|Any CPU
		{204727F7-81CC-484A-9C10-5ECF15A091AD}.Release|Any CPU.Build.0 = Release|Any CPU
	EndGlobalSection
	GlobalSection(SolutionProperties) = preSolution
		HideSolutionNode = FALSE
	EndGlobalSection
	GlobalSection(ExtensibilityGlobals) = postSolution
		SolutionGuid = {C5EC863C-BEAE-40CD-B55C-9F43085C045E}
	EndGlobalSection
EndGlobal
