
Microsoft Visual Studio Solution File, Format Version 12.00
# Visual Studio Version 16
VisualStudioVersion = 16.0.28803.202
MinimumVisualStudioVersion = 10.0.40219.1
Project("{FAE04EC0-301F-11D3-BF4B-00C04F79EFBC}") = "laba1", "laba1\laba1.csproj", "{311E1079-F881-41E5-8FAD-95EF59B37E00}"
EndProject
Global
	GlobalSection(SolutionConfigurationPlatforms) = preSolution
		Debug|Any CPU = Debug|Any CPU
		Release|Any CPU = Release|Any CPU
	EndGlobalSection
	GlobalSection(ProjectConfigurationPlatforms) = postSolution
		{311E1079-F881-41E5-8FAD-95EF59B37E00}.Debug|Any CPU.ActiveCfg = Debug|Any CPU
		{311E1079-F881-41E5-8FAD-95EF59B37E00}.Debug|Any CPU.Build.0 = Debug|Any CPU
		{311E1079-F881-41E5-8FAD-95EF59B37E00}.Release|Any CPU.ActiveCfg = Release|Any CPU
		{311E1079-F881-41E5-8FAD-95EF59B37E00}.Release|Any CPU.Build.0 = Release|Any CPU
	EndGlobalSection
	GlobalSection(SolutionProperties) = preSolution
		HideSolutionNode = FALSE
	EndGlobalSection
	GlobalSection(ExtensibilityGlobals) = postSolution
		SolutionGuid = {4F2F1798-BB62-429C-AA9D-75AB07FB950B}
	EndGlobalSection
EndGlobal
