
Microsoft Visual Studio Solution File, Format Version 12.00
# Visual Studio Version 16
VisualStudioVersion = 16.0.28803.202
MinimumVisualStudioVersion = 10.0.40219.1
Project("{FAE04EC0-301F-11D3-BF4B-00C04F79EFBC}") = "inheritanceHW", "inheritanceHW\inheritanceHW.csproj", "{E905FA9B-F1C9-4BD7-96DC-7D9FD21D0B54}"
EndProject
Global
	GlobalSection(SolutionConfigurationPlatforms) = preSolution
		Debug|Any CPU = Debug|Any CPU
		Release|Any CPU = Release|Any CPU
	EndGlobalSection
	GlobalSection(ProjectConfigurationPlatforms) = postSolution
		{E905FA9B-F1C9-4BD7-96DC-7D9FD21D0B54}.Debug|Any CPU.ActiveCfg = Debug|Any CPU
		{E905FA9B-F1C9-4BD7-96DC-7D9FD21D0B54}.Debug|Any CPU.Build.0 = Debug|Any CPU
		{E905FA9B-F1C9-4BD7-96DC-7D9FD21D0B54}.Release|Any CPU.ActiveCfg = Release|Any CPU
		{E905FA9B-F1C9-4BD7-96DC-7D9FD21D0B54}.Release|Any CPU.Build.0 = Release|Any CPU
	EndGlobalSection
	GlobalSection(SolutionProperties) = preSolution
		HideSolutionNode = FALSE
	EndGlobalSection
	GlobalSection(ExtensibilityGlobals) = postSolution
		SolutionGuid = {82217517-D1BC-46CC-9F39-57907059497B}
	EndGlobalSection
EndGlobal
