
Microsoft Visual Studio Solution File, Format Version 12.00
# Visual Studio 15
VisualStudioVersion = 15.0.28307.271
MinimumVisualStudioVersion = 10.0.40219.1
Project("{FAE04EC0-301F-11D3-BF4B-00C04F79EFBC}") = "Exercise_3", "Exercise_3\Exercise_3.csproj", "{87B23C26-E63C-4F47-A47A-4ED056D33517}"
EndProject
Global
	GlobalSection(SolutionConfigurationPlatforms) = preSolution
		Debug|Any CPU = Debug|Any CPU
		Release|Any CPU = Release|Any CPU
	EndGlobalSection
	GlobalSection(ProjectConfigurationPlatforms) = postSolution
		{87B23C26-E63C-4F47-A47A-4ED056D33517}.Debug|Any CPU.ActiveCfg = Debug|Any CPU
		{87B23C26-E63C-4F47-A47A-4ED056D33517}.Debug|Any CPU.Build.0 = Debug|Any CPU
		{87B23C26-E63C-4F47-A47A-4ED056D33517}.Release|Any CPU.ActiveCfg = Release|Any CPU
		{87B23C26-E63C-4F47-A47A-4ED056D33517}.Release|Any CPU.Build.0 = Release|Any CPU
	EndGlobalSection
	GlobalSection(SolutionProperties) = preSolution
		HideSolutionNode = FALSE
	EndGlobalSection
	GlobalSection(ExtensibilityGlobals) = postSolution
		SolutionGuid = {D5C70171-DC8C-4AB0-82CD-D081438957C4}
	EndGlobalSection
EndGlobal
