
Microsoft Visual Studio Solution File, Format Version 12.00
Project("{FAE04EC0-301F-11D3-BF4B-00C04F79EFBC}") = "Sockets", "Sockets\Sockets.csproj", "{FC3D2069-242D-4296-958D-F5606728BF75}"
EndProject
Project("{FAE04EC0-301F-11D3-BF4B-00C04F79EFBC}") = "Server", "Server\Server.csproj", "{D0D62042-E64B-4AB5-B700-746C7A8A92D0}"
EndProject
Global
	GlobalSection(SolutionConfigurationPlatforms) = preSolution
		Debug|Any CPU = Debug|Any CPU
		Release|Any CPU = Release|Any CPU
	EndGlobalSection
	GlobalSection(ProjectConfigurationPlatforms) = postSolution
		{FC3D2069-242D-4296-958D-F5606728BF75}.Debug|Any CPU.ActiveCfg = Debug|Any CPU
		{FC3D2069-242D-4296-958D-F5606728BF75}.Debug|Any CPU.Build.0 = Debug|Any CPU
		{FC3D2069-242D-4296-958D-F5606728BF75}.Release|Any CPU.ActiveCfg = Release|Any CPU
		{FC3D2069-242D-4296-958D-F5606728BF75}.Release|Any CPU.Build.0 = Release|Any CPU
		{D0D62042-E64B-4AB5-B700-746C7A8A92D0}.Debug|Any CPU.ActiveCfg = Debug|Any CPU
		{D0D62042-E64B-4AB5-B700-746C7A8A92D0}.Debug|Any CPU.Build.0 = Debug|Any CPU
		{D0D62042-E64B-4AB5-B700-746C7A8A92D0}.Release|Any CPU.ActiveCfg = Release|Any CPU
		{D0D62042-E64B-4AB5-B700-746C7A8A92D0}.Release|Any CPU.Build.0 = Release|Any CPU
	EndGlobalSection
EndGlobal
