
Microsoft Visual Studio Solution File, Format Version 12.00
# Visual Studio Version 16
VisualStudioVersion = 16.0.30711.63
MinimumVisualStudioVersion = 10.0.40219.1
Project("{FAE04EC0-301F-11D3-BF4B-00C04F79EFBC}") = "BIPIT6", "BIPIT5\BIPIT6.csproj", "{BFFAC310-6086-402B-8F0E-A2BB9A06ED69}"
EndProject
Project("{FAE04EC0-301F-11D3-BF4B-00C04F79EFBC}") = "Client", "Client\Client.csproj", "{145DDBBE-CB44-4393-A68D-ABAEDFFA8B1B}"
	ProjectSection(ProjectDependencies) = postProject
		{BFFAC310-6086-402B-8F0E-A2BB9A06ED69} = {BFFAC310-6086-402B-8F0E-A2BB9A06ED69}
	EndProjectSection
EndProject
Project("{FAE04EC0-301F-11D3-BF4B-00C04F79EFBC}") = "cool_front", "cool_front\cool_front.csproj", "{9D609A86-7E7E-46D4-9BCE-E7A0EE027C65}"
	ProjectSection(ProjectDependencies) = postProject
		{BFFAC310-6086-402B-8F0E-A2BB9A06ED69} = {BFFAC310-6086-402B-8F0E-A2BB9A06ED69}
	EndProjectSection
EndProject
Global
	GlobalSection(SolutionConfigurationPlatforms) = preSolution
		Debug|Any CPU = Debug|Any CPU
		Release|Any CPU = Release|Any CPU
	EndGlobalSection
	GlobalSection(ProjectConfigurationPlatforms) = postSolution
		{BFFAC310-6086-402B-8F0E-A2BB9A06ED69}.Debug|Any CPU.ActiveCfg = Debug|Any CPU
		{BFFAC310-6086-402B-8F0E-A2BB9A06ED69}.Debug|Any CPU.Build.0 = Debug|Any CPU
		{BFFAC310-6086-402B-8F0E-A2BB9A06ED69}.Release|Any CPU.ActiveCfg = Release|Any CPU
		{BFFAC310-6086-402B-8F0E-A2BB9A06ED69}.Release|Any CPU.Build.0 = Release|Any CPU
		{145DDBBE-CB44-4393-A68D-ABAEDFFA8B1B}.Debug|Any CPU.ActiveCfg = Debug|Any CPU
		{145DDBBE-CB44-4393-A68D-ABAEDFFA8B1B}.Debug|Any CPU.Build.0 = Debug|Any CPU
		{145DDBBE-CB44-4393-A68D-ABAEDFFA8B1B}.Release|Any CPU.ActiveCfg = Release|Any CPU
		{145DDBBE-CB44-4393-A68D-ABAEDFFA8B1B}.Release|Any CPU.Build.0 = Release|Any CPU
		{9D609A86-7E7E-46D4-9BCE-E7A0EE027C65}.Debug|Any CPU.ActiveCfg = Debug|Any CPU
		{9D609A86-7E7E-46D4-9BCE-E7A0EE027C65}.Debug|Any CPU.Build.0 = Debug|Any CPU
		{9D609A86-7E7E-46D4-9BCE-E7A0EE027C65}.Release|Any CPU.ActiveCfg = Release|Any CPU
		{9D609A86-7E7E-46D4-9BCE-E7A0EE027C65}.Release|Any CPU.Build.0 = Release|Any CPU
	EndGlobalSection
	GlobalSection(SolutionProperties) = preSolution
		HideSolutionNode = FALSE
	EndGlobalSection
	GlobalSection(ExtensibilityGlobals) = postSolution
		SolutionGuid = {ECF67A98-7F54-4371-8D1D-98F1517C15B0}
	EndGlobalSection
EndGlobal
