
Microsoft Visual Studio Solution File, Format Version 12.00
# Visual Studio Version 16
VisualStudioVersion = 16.0.29503.13
MinimumVisualStudioVersion = 10.0.40219.1
Project("{FAE04EC0-301F-11D3-BF4B-00C04F79EFBC}") = "consoleCcock", "consoleCcock\consoleCcock.csproj", "{E4664E6A-6A34-46CE-AFE7-E0D24F0561D6}"
EndProject
Global
	GlobalSection(SolutionConfigurationPlatforms) = preSolution
		Debug|Any CPU = Debug|Any CPU
		Release|Any CPU = Release|Any CPU
	EndGlobalSection
	GlobalSection(ProjectConfigurationPlatforms) = postSolution
		{E4664E6A-6A34-46CE-AFE7-E0D24F0561D6}.Debug|Any CPU.ActiveCfg = Debug|Any CPU
		{E4664E6A-6A34-46CE-AFE7-E0D24F0561D6}.Debug|Any CPU.Build.0 = Debug|Any CPU
		{E4664E6A-6A34-46CE-AFE7-E0D24F0561D6}.Release|Any CPU.ActiveCfg = Release|Any CPU
		{E4664E6A-6A34-46CE-AFE7-E0D24F0561D6}.Release|Any CPU.Build.0 = Release|Any CPU
	EndGlobalSection
	GlobalSection(SolutionProperties) = preSolution
		HideSolutionNode = FALSE
	EndGlobalSection
	GlobalSection(ExtensibilityGlobals) = postSolution
		SolutionGuid = {457403FC-4567-4470-8A62-13DDD6D642E2}
	EndGlobalSection
EndGlobal
