
Microsoft Visual Studio Solution File, Format Version 12.00
# Visual Studio Version 16
VisualStudioVersion = 16.0.29025.244
MinimumVisualStudioVersion = 10.0.40219.1
Project("{FAE04EC0-301F-11D3-BF4B-00C04F79EFBC}") = "laba1", "laba1\laba1.csproj", "{57808B97-FE32-4A1A-A070-0907EABF1030}"
EndProject
Global
	GlobalSection(SolutionConfigurationPlatforms) = preSolution
		Debug|Any CPU = Debug|Any CPU
		Release|Any CPU = Release|Any CPU
	EndGlobalSection
	GlobalSection(ProjectConfigurationPlatforms) = postSolution
		{57808B97-FE32-4A1A-A070-0907EABF1030}.Debug|Any CPU.ActiveCfg = Debug|Any CPU
		{57808B97-FE32-4A1A-A070-0907EABF1030}.Debug|Any CPU.Build.0 = Debug|Any CPU
		{57808B97-FE32-4A1A-A070-0907EABF1030}.Release|Any CPU.ActiveCfg = Release|Any CPU
		{57808B97-FE32-4A1A-A070-0907EABF1030}.Release|Any CPU.Build.0 = Release|Any CPU
	EndGlobalSection
	GlobalSection(SolutionProperties) = preSolution
		HideSolutionNode = FALSE
	EndGlobalSection
	GlobalSection(ExtensibilityGlobals) = postSolution
		SolutionGuid = {040ACA0F-35DF-4835-8C92-9C84A451DA27}
	EndGlobalSection
EndGlobal
