
Microsoft Visual Studio Solution File, Format Version 12.00
# Visual Studio Version 16
VisualStudioVersion = 16.0.29025.244
MinimumVisualStudioVersion = 10.0.40219.1
Project("{FAE04EC0-301F-11D3-BF4B-00C04F79EFBC}") = "Formulas", "Formulas\Formulas.csproj", "{C16FD6C2-0D46-4BB8-B53C-AB1B0088C1EA}"
EndProject
Global
	GlobalSection(SolutionConfigurationPlatforms) = preSolution
		Debug|Any CPU = Debug|Any CPU
		Release|Any CPU = Release|Any CPU
	EndGlobalSection
	GlobalSection(ProjectConfigurationPlatforms) = postSolution
		{C16FD6C2-0D46-4BB8-B53C-AB1B0088C1EA}.Debug|Any CPU.ActiveCfg = Debug|Any CPU
		{C16FD6C2-0D46-4BB8-B53C-AB1B0088C1EA}.Debug|Any CPU.Build.0 = Debug|Any CPU
		{C16FD6C2-0D46-4BB8-B53C-AB1B0088C1EA}.Release|Any CPU.ActiveCfg = Release|Any CPU
		{C16FD6C2-0D46-4BB8-B53C-AB1B0088C1EA}.Release|Any CPU.Build.0 = Release|Any CPU
	EndGlobalSection
	GlobalSection(SolutionProperties) = preSolution
		HideSolutionNode = FALSE
	EndGlobalSection
	GlobalSection(ExtensibilityGlobals) = postSolution
		SolutionGuid = {63232399-23C5-4254-AB8B-79B70E751964}
	EndGlobalSection
EndGlobal
