
Microsoft Visual Studio Solution File, Format Version 12.00
# Visual Studio 15
VisualStudioVersion = 15.0.28307.271
MinimumVisualStudioVersion = 10.0.40219.1
Project("{FAE04EC0-301F-11D3-BF4B-00C04F79EFBC}") = "Exercise_1", "Exercise_1\Exercise_1.csproj", "{D018139C-B59E-45F5-81AD-C888F7DAA2B0}"
EndProject
Global
	GlobalSection(SolutionConfigurationPlatforms) = preSolution
		Debug|Any CPU = Debug|Any CPU
		Release|Any CPU = Release|Any CPU
	EndGlobalSection
	GlobalSection(ProjectConfigurationPlatforms) = postSolution
		{D018139C-B59E-45F5-81AD-C888F7DAA2B0}.Debug|Any CPU.ActiveCfg = Debug|Any CPU
		{D018139C-B59E-45F5-81AD-C888F7DAA2B0}.Debug|Any CPU.Build.0 = Debug|Any CPU
		{D018139C-B59E-45F5-81AD-C888F7DAA2B0}.Release|Any CPU.ActiveCfg = Release|Any CPU
		{D018139C-B59E-45F5-81AD-C888F7DAA2B0}.Release|Any CPU.Build.0 = Release|Any CPU
	EndGlobalSection
	GlobalSection(SolutionProperties) = preSolution
		HideSolutionNode = FALSE
	EndGlobalSection
	GlobalSection(ExtensibilityGlobals) = postSolution
		SolutionGuid = {107E0179-CF2A-4113-8F47-D33E0160D6BE}
	EndGlobalSection
EndGlobal
