
Microsoft Visual Studio Solution File, Format Version 12.00
Project("{FAE04EC0-301F-11D3-BF4B-00C04F79EFBC}") = "laba17", "laba17\laba17.csproj", "{AC1BABD3-F354-45C6-A443-9CACB1061C6A}"
EndProject
Global
	GlobalSection(SolutionConfigurationPlatforms) = preSolution
		Debug|Any CPU = Debug|Any CPU
		Release|Any CPU = Release|Any CPU
	EndGlobalSection
	GlobalSection(ProjectConfigurationPlatforms) = postSolution
		{AC1BABD3-F354-45C6-A443-9CACB1061C6A}.Debug|Any CPU.ActiveCfg = Debug|Any CPU
		{AC1BABD3-F354-45C6-A443-9CACB1061C6A}.Debug|Any CPU.Build.0 = Debug|Any CPU
		{AC1BABD3-F354-45C6-A443-9CACB1061C6A}.Release|Any CPU.ActiveCfg = Release|Any CPU
		{AC1BABD3-F354-45C6-A443-9CACB1061C6A}.Release|Any CPU.Build.0 = Release|Any CPU
	EndGlobalSection
EndGlobal
