
Microsoft Visual Studio Solution File, Format Version 12.00
# Visual Studio Version 16
VisualStudioVersion = 16.0.28803.202
MinimumVisualStudioVersion = 10.0.40219.1
Project("{FAE04EC0-301F-11D3-BF4B-00C04F79EFBC}") = "inheritance", "inheritance\inheritance.csproj", "{7018A525-1629-4790-A788-8A125C160629}"
EndProject
Global
	GlobalSection(SolutionConfigurationPlatforms) = preSolution
		Debug|Any CPU = Debug|Any CPU
		Release|Any CPU = Release|Any CPU
	EndGlobalSection
	GlobalSection(ProjectConfigurationPlatforms) = postSolution
		{7018A525-1629-4790-A788-8A125C160629}.Debug|Any CPU.ActiveCfg = Debug|Any CPU
		{7018A525-1629-4790-A788-8A125C160629}.Debug|Any CPU.Build.0 = Debug|Any CPU
		{7018A525-1629-4790-A788-8A125C160629}.Release|Any CPU.ActiveCfg = Release|Any CPU
		{7018A525-1629-4790-A788-8A125C160629}.Release|Any CPU.Build.0 = Release|Any CPU
	EndGlobalSection
	GlobalSection(SolutionProperties) = preSolution
		HideSolutionNode = FALSE
	EndGlobalSection
	GlobalSection(ExtensibilityGlobals) = postSolution
		SolutionGuid = {2FFC515B-9E13-4621-8F74-E2D0DF69C318}
	EndGlobalSection
EndGlobal
